
Microsoft Visual Studio Solution File, Format Version 12.00
# Visual Studio Version 17
VisualStudioVersion = 17.8.34330.188
MinimumVisualStudioVersion = 10.0.40219.1
Project("{FAE04EC0-301F-11D3-BF4B-00C04F79EFBC}") = "Lab04", "Lab04.csproj", "{F91E4178-FBF7-46B3-85A5-81822527EBF4}"
EndProject
Project("{2150E333-8FDC-42A3-9474-1A3956D46DE8}") = "Solution Items", "Solution Items", "{2AB58574-9041-4C5C-A12F-1D8789B0EFC0}"
EndProject
Global
	GlobalSection(SolutionConfigurationPlatforms) = preSolution
		Debug|Any CPU = Debug|Any CPU
		Release|Any CPU = Release|Any CPU
	EndGlobalSection
	GlobalSection(ProjectConfigurationPlatforms) = postSolution
		{F91E4178-FBF7-46B3-85A5-81822527EBF4}.Debug|Any CPU.ActiveCfg = Debug|Any CPU
		{F91E4178-FBF7-46B3-85A5-81822527EBF4}.Debug|Any CPU.Build.0 = Debug|Any CPU
		{F91E4178-FBF7-46B3-85A5-81822527EBF4}.Release|Any CPU.ActiveCfg = Release|Any CPU
		{F91E4178-FBF7-46B3-85A5-81822527EBF4}.Release|Any CPU.Build.0 = Release|Any CPU
	EndGlobalSection
	GlobalSection(SolutionProperties) = preSolution
		HideSolutionNode = FALSE
	EndGlobalSection
	GlobalSection(NestedProjects) = preSolution
		{F91E4178-FBF7-46B3-85A5-81822527EBF4} = {2AB58574-9041-4C5C-A12F-1D8789B0EFC0}
	EndGlobalSection
	GlobalSection(ExtensibilityGlobals) = postSolution
		SolutionGuid = {DAE5D33B-C22D-4A20-882F-FA143894357A}
	EndGlobalSection
EndGlobal
